# THIS IS AN AUTOGENERATED FILE. DO NOT EDIT THIS FILE DIRECTLY.
# yarn lockfile v1


"@types/node@^18.11.18":
  version "18.11.18"
  resolved "https://registry.npmmirror.com/@types/node/-/node-18.11.18.tgz#8dfb97f0da23c2293e554c5a50d61ef134d7697f"
  integrity sha512-DHQpWGjyQKSHj3ebjFI/wRKcqQcdR+MoFBygntYOZytCqNfkd2ZC4ARDJ2DQqhjH5p85Nnd3jhUJIXrszFX/JA==

pe-library@^0.3.0:
  version "0.3.0"
  resolved "https://registry.npmmirror.com/pe-library/-/pe-library-0.3.0.tgz#7b29c024b83c701d6c5c3759664340255fec70bf"
  integrity sha512-mMVGKfeI6VOLqMOCiLaU4KNd4cgk8YcQVvJ07YIA6iujM4uKOgmDsmIp1qsKWEHt8cMoizVGFniQUrtN6pjtJA==

resedit@^1.6.1:
  version "1.6.1"
  resolved "https://registry.npmmirror.com/resedit/-/resedit-1.6.1.tgz#bce8e608ee3997beb584488ae621e78a18b5d274"
  integrity sha512-aS+1B01OtDgLHBeiR8pfJWt02LBfkceA1So1ODOaD651zcXP05yCsCe6YtgS8uSD4jnCXtptSjaRM7nd/gohtQ==
  dependencies:
    pe-library "^0.3.0"

typescript@^4.9.4:
  version "4.9.4"
  resolved "https://registry.yarnpkg.com/typescript/-/typescript-4.9.4.tgz#a2a3d2756c079abda241d75f149df9d561091e78"
  integrity sha512-Uz+dTXYzxXXbsFpM86Wh3dKCxrQqUcVMxwU54orwlJjOpO3ao8L7j5lH+dWfTwgCwIuM9GQ2kvVotzYJMXTBZg==
